// !$*UTF8*$!
{
	archiveVersion = 1;
	classes = {
	};
	objectVersion = 50;
	objects = {

/* Begin PBXBuildFile section */
		E70F57B7210AFF1C00EA6618 /* ViewController2.m in Sources */ = {isa = PBXBuildFile; fileRef = E70F57B6210AFF1C00EA6618 /* ViewController2.m */; };
		E7A41E8320FC664300844ADB /* AppDelegate.m in Sources */ = {isa = PBXBuildFile; fileRef = E7A41E8220FC664300844ADB /* AppDelegate.m */; };
		E7A41E8620FC664300844ADB /* ViewController.m in Sources */ = {isa = PBXBuildFile; fileRef = E7A41E8520FC664300844ADB /* ViewController.m */; };
		E7A41E8920FC664300844ADB /* Main.storyboard in Resources */ = {isa = PBXBuildFile; fileRef = E7A41E8720FC664300844ADB /* Main.storyboard */; };
		E7A41E8B20FC664500844ADB /* Assets.xcassets in Resources */ = {isa = PBXBuildFile; fileRef = E7A41E8A20FC664500844ADB /* Assets.xcassets */; };
		E7A41E8E20FC664500844ADB /* LaunchScreen.storyboard in Resources */ = {isa = PBXBuildFile; fileRef = E7A41E8C20FC664500844ADB /* LaunchScreen.storyboard */; };
		E7A41E9120FC664500844ADB /* main.m in Sources */ = {isa = PBXBuildFile; fileRef = E7A41E9020FC664500844ADB /* main.m */; };
		E7A41E9920FC669F00844ADB /* GCD.m in Sources */ = {isa = PBXBuildFile; fileRef = E7A41E9720FC669F00844ADB /* GCD.m */; };
/* End PBXBuildFile section */

/* Begin PBXFileReference section */
		E70F57B5210AFF1C00EA6618 /* ViewController2.h */ = {isa = PBXFileReference; lastKnownFileType = sourcecode.c.h; path = ViewController2.h; sourceTree = "<group>"; };
		E70F57B6210AFF1C00EA6618 /* ViewController2.m */ = {isa = PBXFileReference; lastKnownFileType = sourcecode.c.objc; path = ViewController2.m; sourceTree = "<group>"; };
		E7A41E7E20FC664300844ADB /* GCD-iOS.app */ = {isa = PBXFileReference; explicitFileType = wrapper.application; includeInIndex = 0; path = "GCD-iOS.app"; sourceTree = BUILT_PRODUCTS_DIR; };
		E7A41E8120FC664300844ADB /* AppDelegate.h */ = {isa = PBXFileReference; lastKnownFileType = sourcecode.c.h; path = AppDelegate.h; sourceTree = "<group>"; };
		E7A41E8220FC664300844ADB /* AppDelegate.m */ = {isa = PBXFileReference; lastKnownFileType = sourcecode.c.objc; path = AppDelegate.m; sourceTree = "<group>"; };
		E7A41E8420FC664300844ADB /* ViewController.h */ = {isa = PBXFileReference; lastKnownFileType = sourcecode.c.h; path = ViewController.h; sourceTree = "<group>"; };
		E7A41E8520FC664300844ADB /* ViewController.m */ = {isa = PBXFileReference; lastKnownFileType = sourcecode.c.objc; path = ViewController.m; sourceTree = "<group>"; };
		E7A41E8820FC664300844ADB /* Base */ = {isa = PBXFileReference; lastKnownFileType = file.storyboard; name = Base; path = Base.lproj/Main.storyboard; sourceTree = "<group>"; };
		E7A41E8A20FC664500844ADB /* Assets.xcassets */ = {isa = PBXFileReference; lastKnownFileType = folder.assetcatalog; path = Assets.xcassets; sourceTree = "<group>"; };
		E7A41E8D20FC664500844ADB /* Base */ = {isa = PBXFileReference; lastKnownFileType = file.storyboard; name = Base; path = Base.lproj/LaunchScreen.storyboard; sourceTree = "<group>"; };
		E7A41E8F20FC664500844ADB /* Info.plist */ = {isa = PBXFileReference; lastKnownFileType = text.plist.xml; path = Info.plist; sourceTree = "<group>"; };
		E7A41E9020FC664500844ADB /* main.m */ = {isa = PBXFileReference; lastKnownFileType = sourcecode.c.objc; path = main.m; sourceTree = "<group>"; };
		E7A41E9720FC669F00844ADB /* GCD.m */ = {isa = PBXFileReference; fileEncoding = 4; lastKnownFileType = sourcecode.c.objc; path = GCD.m; sourceTree = "<group>"; };
		E7A41E9820FC669F00844ADB /* GCD.h */ = {isa = PBXFileReference; fileEncoding = 4; lastKnownFileType = sourcecode.c.h; path = GCD.h; sourceTree = "<group>"; };
/* End PBXFileReference section */

/* Begin PBXFrameworksBuildPhase section */
		E7A41E7B20FC664300844ADB /* Frameworks */ = {
			isa = PBXFrameworksBuildPhase;
			buildActionMask = 2147483647;
			files = (
			);
			runOnlyForDeploymentPostprocessing = 0;
		};
/* End PBXFrameworksBuildPhase section */

/* Begin PBXGroup section */
		E7A41E7520FC664300844ADB = {
			isa = PBXGroup;
			children = (
				E7A41E8020FC664300844ADB /* GCD-iOS */,
				E7A41E7F20FC664300844ADB /* Products */,
			);
			sourceTree = "<group>";
		};
		E7A41E7F20FC664300844ADB /* Products */ = {
			isa = PBXGroup;
			children = (
				E7A41E7E20FC664300844ADB /* GCD-iOS.app */,
			);
			name = Products;
			sourceTree = "<group>";
		};
		E7A41E8020FC664300844ADB /* GCD-iOS */ = {
			isa = PBXGroup;
			children = (
				E7A41E9820FC669F00844ADB /* GCD.h */,
				E7A41E9720FC669F00844ADB /* GCD.m */,
				E7A41E8120FC664300844ADB /* AppDelegate.h */,
				E7A41E8220FC664300844ADB /* AppDelegate.m */,
				E7A41E8420FC664300844ADB /* ViewController.h */,
				E7A41E8520FC664300844ADB /* ViewController.m */,
				E70F57B5210AFF1C00EA6618 /* ViewController2.h */,
				E70F57B6210AFF1C00EA6618 /* ViewController2.m */,
				E7A41E8720FC664300844ADB /* Main.storyboard */,
				E7A41E8A20FC664500844ADB /* Assets.xcassets */,
				E7A41E8C20FC664500844ADB /* LaunchScreen.storyboard */,
				E7A41E8F20FC664500844ADB /* Info.plist */,
				E7A41E9020FC664500844ADB /* main.m */,
			);
			path = "GCD-iOS";
			sourceTree = "<group>";
		};
/* End PBXGroup section */

/* Begin PBXNativeTarget section */
		E7A41E7D20FC664300844ADB /* GCD-iOS */ = {
			isa = PBXNativeTarget;
			buildConfigurationList = E7A41E9420FC664500844ADB /* Build configuration list for PBXNativeTarget "GCD-iOS" */;
			buildPhases = (
				E7A41E7A20FC664300844ADB /* Sources */,
				E7A41E7B20FC664300844ADB /* Frameworks */,
				E7A41E7C20FC664300844ADB /* Resources */,
			);
			buildRules = (
			);
			dependencies = (
			);
			name = "GCD-iOS";
			productName = "GCD-iOS";
			productReference = E7A41E7E20FC664300844ADB /* GCD-iOS.app */;
			productType = "com.apple.product-type.application";
		};
/* End PBXNativeTarget section */

/* Begin PBXProject section */
		E7A41E7620FC664300844ADB /* Project object */ = {
			isa = PBXProject;
			attributes = {
				LastUpgradeCheck = 0940;
				ORGANIZATIONNAME = malk;
				TargetAttributes = {
					E7A41E7D20FC664300844ADB = {
						CreatedOnToolsVersion = 9.4.1;
					};
				};
			};
			buildConfigurationList = E7A41E7920FC664300844ADB /* Build configuration list for PBXProject "GCD-iOS" */;
			compatibilityVersion = "Xcode 9.3";
			developmentRegion = en;
			hasScannedForEncodings = 0;
			knownRegions = (
				en,
				Base,
			);
			mainGroup = E7A41E7520FC664300844ADB;
			productRefGroup = E7A41E7F20FC664300844ADB /* Products */;
			projectDirPath = "";
			projectRoot = "";
			targets = (
				E7A41E7D20FC664300844ADB /* GCD-iOS */,
			);
		};
/* End PBXProject section */

/* Begin PBXResourcesBuildPhase section */
		E7A41E7C20FC664300844ADB /* Resources */ = {
			isa = PBXResourcesBuildPhase;
			buildActionMask = 2147483647;
			files = (
				E7A41E8E20FC664500844ADB /* LaunchScreen.storyboard in Resources */,
				E7A41E8B20FC664500844ADB /* Assets.xcassets in Resources */,
				E7A41E8920FC664300844ADB /* Main.storyboard in Resources */,
			);
			runOnlyForDeploymentPostprocessing = 0;
		};
/* End PBXResourcesBuildPhase section */

/* Begin PBXSourcesBuildPhase section */
		E7A41E7A20FC664300844ADB /* Sources */ = {
			isa = PBXSourcesBuildPhase;
			buildActionMask = 2147483647;
			files = (
				E7A41E8620FC664300844ADB /* ViewController.m in Sources */,
				E7A41E9120FC664500844ADB /* main.m in Sources */,
				E70F57B7210AFF1C00EA6618 /* ViewController2.m in Sources */,
				E7A41E9920FC669F00844ADB /* GCD.m in Sources */,
				E7A41E8320FC664300844ADB /* AppDelegate.m in Sources */,
			);
			runOnlyForDeploymentPostprocessing = 0;
		};
/* End PBXSourcesBuildPhase section */

/* Begin PBXVariantGroup section */
		E7A41E8720FC664300844ADB /* Main.storyboard */ = {
			isa = PBXVariantGroup;
			children = (
				E7A41E8820FC664300844ADB /* Base */,
			);
			name = Main.storyboard;
			sourceTree = "<group>";
		};
		E7A41E8C20FC664500844ADB /* LaunchScreen.storyboard */ = {
			isa = PBXVariantGroup;
			children = (
				E7A41E8D20FC664500844ADB /* Base */,
			);
			name = LaunchScreen.storyboard;
			sourceTree = "<group>";
		};
/* End PBXVariantGroup section */

/* Begin XCBuildConfiguration section */
		E7A41E9220FC664500844ADB /* Debug */ = {
			isa = XCBuildConfiguration;
			buildSettings = {
				ALWAYS_SEARCH_USER_PATHS = NO;
				CLANG_ANALYZER_NONNULL = YES;
				CLANG_ANALYZER_NUMBER_OBJECT_CONVERSION = YES_AGGRESSIVE;
				CLANG_CXX_LANGUAGE_STANDARD = "gnu++14";
				CLANG_CXX_LIBRARY = "libc++";
				CLANG_ENABLE_MODULES = YES;
				CLANG_ENABLE_OBJC_ARC = YES;
				CLANG_ENABLE_OBJC_WEAK = YES;
				CLANG_WARN_BLOCK_CAPTURE_AUTORELEASING = YES;
				CLANG_WARN_BOOL_CONVERSION = YES;
				CLANG_WARN_COMMA = YES;
				CLANG_WARN_CONSTANT_CONVERSION = YES;
				CLANG_WARN_DEPRECATED_OBJC_IMPLEMENTATIONS = YES;
				CLANG_WARN_DIRECT_OBJC_ISA_USAGE = YES_ERROR;
				CLANG_WARN_DOCUMENTATION_COMMENTS = YES;
				CLANG_WARN_EMPTY_BODY = YES;
				CLANG_WARN_ENUM_CONVERSION = YES;
				CLANG_WARN_INFINITE_RECURSION = YES;
				CLANG_WARN_INT_CONVERSION = YES;
				CLANG_WARN_NON_LITERAL_NULL_CONVERSION = YES;
				CLANG_WARN_OBJC_IMPLICIT_RETAIN_SELF = YES;
				CLANG_WARN_OBJC_LITERAL_CONVERSION = YES;
				CLANG_WARN_OBJC_ROOT_CLASS = YES_ERROR;
				CLANG_WARN_RANGE_LOOP_ANALYSIS = YES;
				CLANG_WARN_STRICT_PROTOTYPES = YES;
				CLANG_WARN_SUSPICIOUS_MOVE = YES;
				CLANG_WARN_UNGUARDED_AVAILABILITY = YES_AGGRESSIVE;
				CLANG_WARN_UNREACHABLE_CODE = YES;
				CLANG_WARN__DUPLICATE_METHOD_MATCH = YES;
				CODE_SIGN_IDENTITY = "iPhone Developer";
				COPY_PHASE_STRIP = NO;
				DEBUG_INFORMATION_FORMAT = dwarf;
				ENABLE_STRICT_OBJC_MSGSEND = YES;
				ENABLE_TESTABILITY = YES;
				GCC_C_LANGUAGE_STANDARD = gnu11;
				GCC_DYNAMIC_NO_PIC = NO;
				GCC_NO_COMMON_BLOCKS = YES;
				GCC_OPTIMIZATION_LEVEL = 0;
				GCC_PREPROCESSOR_DEFINITIONS = (
					"DEBUG=1",
					"$(inherited)",
				);
				GCC_WARN_64_TO_32_BIT_CONVERSION = YES;
				GCC_WARN_ABOUT_RETURN_TYPE = YES_ERROR;
				GCC_WARN_UNDECLARED_SELECTOR = YES;
				GCC_WARN_UNINITIALIZED_AUTOS = YES_AGGRESSIVE;
				GCC_WARN_UNUSED_FUNCTION = YES;
				GCC_WARN_UNUSED_VARIABLE = YES;
				IPHONEOS_DEPLOYMENT_TARGET = 8.0;
				MTL_ENABLE_DEBUG_INFO = YES;
				ONLY_ACTIVE_ARCH = YES;
				SDKROOT = iphoneos;
			};
			name = Debug;
		};
		E7A41E9320FC664500844ADB /* Release */ = {
			isa = XCBuildConfiguration;
			buildSettings = {
				ALWAYS_SEARCH_USER_PATHS = NO;
				CLANG_ANALYZER_NONNULL = YES;
				CLANG_ANALYZER_NUMBER_OBJECT_CONVERSION = YES_AGGRESSIVE;
				CLANG_CXX_LANGUAGE_STANDARD = "gnu++14";
				CLANG_CXX_LIBRARY = "libc++";
				CLANG_ENABLE_MODULES = YES;
				CLANG_ENABLE_OBJC_ARC = YES;
				CLANG_ENABLE_OBJC_WEAK = YES;
				CLANG_WARN_BLOCK_CAPTURE_AUTORELEASING = YES;
				CLANG_WARN_BOOL_CONVERSION = YES;
				CLANG_WARN_COMMA = YES;
				CLANG_WARN_CONSTANT_CONVERSION = YES;
				CLANG_WARN_DEPRECATED_OBJC_IMPLEMENTATIONS = YES;
				CLANG_WARN_DIRECT_OBJC_ISA_USAGE = YES_ERROR;
				CLANG_WARN_DOCUMENTATION_COMMENTS = YES;
				CLANG_WARN_EMPTY_BODY = YES;
				CLANG_WARN_ENUM_CONVERSION = YES;
				CLANG_WARN_INFINITE_RECURSION = YES;
				CLANG_WARN_INT_CONVERSION = YES;
				CLANG_WARN_NON_LITERAL_NULL_CONVERSION = YES;
				CLANG_WARN_OBJC_IMPLICIT_RETAIN_SELF = YES;
				CLANG_WARN_OBJC_LITERAL_CONVERSION = YES;
				CLANG_WARN_OBJC_ROOT_CLASS = YES_ERROR;
				CLANG_WARN_RANGE_LOOP_ANALYSIS = YES;
				CLANG_WARN_STRICT_PROTOTYPES = YES;
				CLANG_WARN_SUSPICIOUS_MOVE = YES;
				CLANG_WARN_UNGUARDED_AVAILABILITY = YES_AGGRESSIVE;
				CLANG_WARN_UNREACHABLE_CODE = YES;
				CLANG_WARN__DUPLICATE_METHOD_MATCH = YES;
				CODE_SIGN_IDENTITY = "iPhone Developer";
				COPY_PHASE_STRIP = NO;
				DEBUG_INFORMATION_FORMAT = "dwarf-with-dsym";
				ENABLE_NS_ASSERTIONS = NO;
				ENABLE_STRICT_OBJC_MSGSEND = YES;
				GCC_C_LANGUAGE_STANDARD = gnu11;
				GCC_NO_COMMON_BLOCKS = YES;
				GCC_WARN_64_TO_32_BIT_CONVERSION = YES;
				GCC_WARN_ABOUT_RETURN_TYPE = YES_ERROR;
				GCC_WARN_UNDECLARED_SELECTOR = YES;
				GCC_WARN_UNINITIALIZED_AUTOS = YES_AGGRESSIVE;
				GCC_WARN_UNUSED_FUNCTION = YES;
				GCC_WARN_UNUSED_VARIABLE = YES;
				IPHONEOS_DEPLOYMENT_TARGET = 8.0;
				MTL_ENABLE_DEBUG_INFO = NO;
				SDKROOT = iphoneos;
				VALIDATE_PRODUCT = YES;
			};
			name = Release;
		};
		E7A41E9520FC664500844ADB /* Debug */ = {
			isa = XCBuildConfiguration;
			buildSettings = {
				ASSETCATALOG_COMPILER_APPICON_NAME = AppIcon;
				CODE_SIGN_STYLE = Automatic;
				DEVELOPMENT_TEAM = KG7H6KWTBD;
				INFOPLIST_FILE = "GCD-iOS/Info.plist";
				IPHONEOS_DEPLOYMENT_TARGET = 8.0;
				LD_RUNPATH_SEARCH_PATHS = (
					"$(inherited)",
					"@executable_path/Frameworks",
				);
				PRODUCT_BUNDLE_IDENTIFIER = "com.pruple.GCD-iOS";
				PRODUCT_NAME = "$(TARGET_NAME)";
				TARGETED_DEVICE_FAMILY = "1,2";
			};
			name = Debug;
		};
		E7A41E9620FC664500844ADB /* Release */ = {
			isa = XCBuildConfiguration;
			buildSettings = {
				ASSETCATALOG_COMPILER_APPICON_NAME = AppIcon;
				CODE_SIGN_STYLE = Automatic;
				DEVELOPMENT_TEAM = KG7H6KWTBD;
				INFOPLIST_FILE = "GCD-iOS/Info.plist";
				IPHONEOS_DEPLOYMENT_TARGET = 8.0;
				LD_RUNPATH_SEARCH_PATHS = (
					"$(inherited)",
					"@executable_path/Frameworks",
				);
				PRODUCT_BUNDLE_IDENTIFIER = "com.pruple.GCD-iOS";
				PRODUCT_NAME = "$(TARGET_NAME)";
				TARGETED_DEVICE_FAMILY = "1,2";
			};
			name = Release;
		};
/* End XCBuildConfiguration section */

/* Begin XCConfigurationList section */
		E7A41E7920FC664300844ADB /* Build configuration list for PBXProject "GCD-iOS" */ = {
			isa = XCConfigurationList;
			buildConfigurations = (
				E7A41E9220FC664500844ADB /* Debug */,
				E7A41E9320FC664500844ADB /* Release */,
			);
			defaultConfigurationIsVisible = 0;
			defaultConfigurationName = Release;
		};
		E7A41E9420FC664500844ADB /* Build configuration list for PBXNativeTarget "GCD-iOS" */ = {
			isa = XCConfigurationList;
			buildConfigurations = (
				E7A41E9520FC664500844ADB /* Debug */,
				E7A41E9620FC664500844ADB /* Release */,
			);
			defaultConfigurationIsVisible = 0;
			defaultConfigurationName = Release;
		};
/* End XCConfigurationList section */
	};
	rootObject = E7A41E7620FC664300844ADB /* Project object */;
}
